<?xml version="1.0" encoding="utf-8"?>
<Project ToolsVersion="4.0" xmlns="http://schemas.microsoft.com/developer/msbuild/2003">
  <ItemGroup>
    <ClCompile Include="ChinaEngine.cpp" />
    <ClCompile Include="main.cpp" />
    <ClCompile Include="Material.cpp" />
    <ClCompile Include="Mesh.cpp" />
    <ClCompile Include="Shader.cpp" />
    <ClCompile Include="Texture.cpp" />
    <ClCompile Include="Vertex.cpp" />
    <ClCompile Include="VulkanEngineRenderer.cpp" />
    <ClCompile Include="Input.cpp" />
    <ClCompile Include="Mathf.cpp" />
    <ClCompile Include="Color.cpp" />
    <ClCompile Include="Transform.cpp">
      <Filter>ecs</Filter>
    </ClCompile>
    <ClCompile Include="..\Libraries\imgui\src\imgui.cpp">
      <Filter>imgui</Filter>
    </ClCompile>
    <ClCompile Include="..\Libraries\imgui\src\imgui_demo.cpp">
      <Filter>imgui</Filter>
    </ClCompile>
    <ClCompile Include="..\Libraries\imgui\src\imgui_draw.cpp">
      <Filter>imgui</Filter>
    </ClCompile>
    <ClCompile Include="..\Libraries\imgui\src\imgui_impl_glfw.cpp">
      <Filter>imgui</Filter>
    </ClCompile>
    <ClCompile Include="..\Libraries\imgui\src\imgui_impl_vulkan.cpp">
      <Filter>imgui</Filter>
    </ClCompile>
    <ClCompile Include="..\Libraries\imgui\src\imgui_tables.cpp">
      <Filter>imgui</Filter>
    </ClCompile>
    <ClCompile Include="..\Libraries\imgui\src\imgui_widgets.cpp">
      <Filter>imgui</Filter>
    </ClCompile>
    <ClCompile Include="Resource.cpp" />
    <ClCompile Include="AudioSystem.cpp">
      <Filter>ecs</Filter>
    </ClCompile>
    <ClCompile Include="AudioComponent.cpp">
      <Filter>ecs</Filter>
    </ClCompile>
    <ClCompile Include="BulletManagerComponent.cpp">
      <Filter>ecs</Filter>
    </ClCompile>
    <ClCompile Include="Time.cpp" />
    <ClCompile Include="ResourceManager.cpp" />
    <ClCompile Include="GameObject.cpp" />
    <ClCompile Include="World.cpp" />
    <ClCompile Include="MeshRenderer.cpp">
      <Filter>ecs</Filter>
    </ClCompile>
    <ClCompile Include="RenderComponent.cpp">
      <Filter>ecs</Filter>
    </ClCompile>
    <ClCompile Include="Gizmos.cpp" />
    <ClCompile Include="EngineEditor.cpp" />
    <ClCompile Include="..\Libraries\ImGuizmo\ImGuizmo.cpp">
      <Filter>imgui</Filter>
    </ClCompile>
    <ClCompile Include="ImGuiLayer.cpp" />
    <ClCompile Include="Camera.cpp">
      <Filter>ecs</Filter>
    </ClCompile>
    <ClCompile Include="CameraComponent.cpp">
      <Filter>ecs</Filter>
    </ClCompile>
    <ClCompile Include="AudioData.cpp" />
  </ItemGroup>
  <ItemGroup>
    <ClInclude Include="ChinaEngine.h" />
    <ClInclude Include="Material.h" />
    <ClInclude Include="Mesh.h" />
    <ClInclude Include="Shader.h" />
    <ClInclude Include="Texture.h" />
    <ClInclude Include="Vertex.h" />
    <ClInclude Include="VulkanEngineRenderer.h" />
    <ClInclude Include="Input.h" />
    <ClInclude Include="Mathf.h" />
    <ClInclude Include="ChinaCoreHeader.h" />
    <ClInclude Include="Color.h" />
    <ClInclude Include="Transform.h">
      <Filter>ecs</Filter>
    </ClInclude>
    <ClInclude Include="Resource.h" />
    <ClInclude Include="AudioSystem.h">
      <Filter>ecs</Filter>
    </ClInclude>
    <ClInclude Include="AudioComponent.h">
      <Filter>ecs</Filter>
    </ClInclude>
    <ClInclude Include="BulletManagerComponent.h">
      <Filter>ecs</Filter>
    </ClInclude>
    <ClInclude Include="Time.h" />
    <ClInclude Include="ResourceManager.h" />
    <ClInclude Include="GameObject.h" />
    <ClInclude Include="World.h" />
    <ClInclude Include="RenderComponent.h">
      <Filter>ecs</Filter>
    </ClInclude>
    <ClInclude Include="MeshRenderer.h">
      <Filter>ecs</Filter>
    </ClInclude>
    <ClInclude Include="Gizmos.h" />
    <ClInclude Include="EngineEditor.h" />
    <ClInclude Include="..\Libraries\ImGuizmo\ImGuizmo.h">
      <Filter>imgui</Filter>
    </ClInclude>
    <ClInclude Include="ImGuiLayer.h" />
    <ClInclude Include="CameraComponent.h">
      <Filter>ecs</Filter>
    </ClInclude>
    <ClInclude Include="Camera.h">
      <Filter>ecs</Filter>
    </ClInclude>
    <ClInclude Include="AudioData.h" />
  </ItemGroup>
  <ItemGroup>
    <Filter Include="ecs">
      <UniqueIdentifier>{ca14854a-dea5-4214-b066-f3777331480f}</UniqueIdentifier>
    </Filter>
    <Filter Include="imgui">
      <UniqueIdentifier>{d860dc33-4a84-436d-b4b6-192856f904b8}</UniqueIdentifier>
    </Filter>
  </ItemGroup>
</Project>