<?xml version="1.0" encoding="utf-8"?>
<Project ToolsVersion="4.0" xmlns="http://schemas.microsoft.com/developer/msbuild/2003">
  <ItemGroup>
    <ClCompile Include="..\Libraries\ImGuizmo\ImGuizmo.cpp" />
    <ClCompile Include="..\Libraries\imgui\scr\imgui.cpp" />
    <ClCompile Include="..\Libraries\imgui\scr\imgui_demo.cpp" />
    <ClCompile Include="..\Libraries\imgui\scr\imgui_draw.cpp" />
    <ClCompile Include="..\Libraries\imgui\scr\imgui_impl_glfw.cpp" />
    <ClCompile Include="..\Libraries\imgui\scr\imgui_impl_vulkan.cpp" />
    <ClCompile Include="..\Libraries\imgui\scr\imgui_tables.cpp" />
    <ClCompile Include="..\Libraries\imgui\scr\imgui_widgets.cpp" />
    <ClCompile Include="AudioComponent.cpp" />
    <ClCompile Include="AudioData.cpp" />
    <ClCompile Include="AudioSystem.cpp" />
    <ClCompile Include="BulletManagerComponent.cpp" />
    <ClCompile Include="Camera.cpp" />
    <ClCompile Include="CameraComponent.cpp" />
    <ClCompile Include="ChinaEngine.cpp" />
    <ClCompile Include="Collider.cpp" />
    <ClCompile Include="CollisionShape.cpp" />
    <ClCompile Include="Color.cpp" />
    <ClCompile Include="Component.cpp" />
    <ClCompile Include="Debug.cpp" />
    <ClCompile Include="EditorCamera.cpp" />
    <ClCompile Include="EngineEditor.cpp" />
    <ClCompile Include="GameObject.cpp" />
    <ClCompile Include="ImGuiLayer.cpp" />
    <ClCompile Include="Input.cpp" />
    <ClCompile Include="main.cpp" />
    <ClCompile Include="Material.cpp" />
    <ClCompile Include="Mathf.cpp" />
    <ClCompile Include="Mesh.cpp" />
    <ClCompile Include="MeshRenderer.cpp" />
    <ClCompile Include="PhysicsBody.cpp" />
    <ClCompile Include="PhysicsComponent.cpp" />
    <ClCompile Include="PhysicsLocator.cpp" />
    <ClCompile Include="PhysicsSystem.cpp" />
    <ClCompile Include="PolygonCollider.cpp" />
    <ClCompile Include="RenderComponent.cpp" />
    <ClCompile Include="Resource.cpp" />
    <ClCompile Include="ResourceManager.cpp" />
    <ClCompile Include="PhysicsServer.cpp" />
    <ClCompile Include="Rigidbody.cpp" />
    <ClCompile Include="Scene.cpp" />
    <ClCompile Include="SceneManager.cpp" />
    <ClCompile Include="Script.cpp" />
    <ClCompile Include="Shader.cpp" />
    <ClCompile Include="Signal.cpp" />
    <ClCompile Include="SphereCollider.cpp" />
    <ClCompile Include="SpriteRenderer.cpp" />
    <ClCompile Include="StaticBody.cpp" />
    <ClCompile Include="Texture.cpp" />
    <ClCompile Include="Time.cpp" />
    <ClCompile Include="Transform.cpp" />
    <ClCompile Include="Vertex.cpp" />
    <ClCompile Include="VulkanEngineRenderer.cpp" />
    <ClCompile Include="CameraBase.cpp" />
    <ClCompile Include="Draw.cpp" />
    <ClCompile Include="Delaunay.cpp" />
    <ClCompile Include="BSpline.cpp" />
  </ItemGroup>
  <ItemGroup>
    <ClInclude Include="..\Libraries\ImGuizmo\ImGuizmo.h" />
    <ClInclude Include="AudioComponent.h" />
    <ClInclude Include="AudioData.h" />
    <ClInclude Include="AudioSystem.h" />
    <ClInclude Include="BulletManagerComponent.h" />
    <ClInclude Include="Camera.h" />
    <ClInclude Include="CameraBase.h" />
    <ClInclude Include="CameraComponent.h" />
    <ClInclude Include="ChinaCoreHeader.h" />
    <ClInclude Include="ChinaEngine.h" />
    <ClInclude Include="Collider.h" />
    <ClInclude Include="CollisionShape.h" />
    <ClInclude Include="Color.h" />
    <ClInclude Include="Component.h" />
    <ClInclude Include="Debug.h" />
    <ClInclude Include="EditorCamera.h" />
    <ClInclude Include="EngineEditor.h" />
    <ClInclude Include="GameObject.h" />
    <ClInclude Include="Editor.h" />
    <ClInclude Include="ImGuiLayer.h" />
    <ClInclude Include="Input.h" />
    <ClInclude Include="Material.h" />
    <ClInclude Include="Mathf.h" />
    <ClInclude Include="Mesh.h" />
    <ClInclude Include="MeshRenderer.h" />
    <ClInclude Include="PhysicsBody.h" />
    <ClInclude Include="PhysicsComponent.h" />
    <ClInclude Include="PhysicsLocator.h" />
    <ClInclude Include="PhysicsSystem.h" />
    <ClInclude Include="PolygonCollider.h" />
    <ClInclude Include="RenderComponent.h" />
    <ClInclude Include="Resource.h" />
    <ClInclude Include="ResourceManager.h" />
    <ClInclude Include="PhysicsServer.h" />
    <ClInclude Include="Rigidbody.h" />
    <ClInclude Include="Scene.h" />
    <ClInclude Include="SceneManager.h" />
    <ClInclude Include="Script.h" />
    <ClInclude Include="Shader.h" />
    <ClInclude Include="Signal.h" />
    <ClInclude Include="SphereCollider.h" />
    <ClInclude Include="SpriteRenderer.h" />
    <ClInclude Include="StaticBody.h" />
    <ClInclude Include="Texture.h" />
    <ClInclude Include="Time.h" />
    <ClInclude Include="Transform.h" />
    <ClInclude Include="Vertex.h" />
    <ClInclude Include="VulkanEngineRenderer.h" />
    <ClInclude Include="Draw.h" />
    <ClInclude Include="Delaunay.h" />
    <ClInclude Include="BSpline.h" />
  </ItemGroup>
  <ItemGroup>
    <Filter Include="scripts">
      <UniqueIdentifier>{908c5e00-4bb5-4702-a91c-3152741a0328}</UniqueIdentifier>
    </Filter>
  </ItemGroup>
  <ItemGroup>
    <None Include="..\Resources\scripts\lua_test.lua">
      <Filter>scripts</Filter>
    </None>
  </ItemGroup>
</Project>